
Microsoft Visual Studio Solution File, Format Version 12.00
# Visual Studio Version 16
VisualStudioVersion = 16.0.30621.155
MinimumVisualStudioVersion = 10.0.40219.1
Project("{FAE04EC0-301F-11D3-BF4B-00C04F79EFBC}") = "WebWCF", "WebWCF.csproj", "{27307330-5A02-40A0-9B90-3B8AC3FF184D}"
EndProject
Global
	GlobalSection(SolutionConfigurationPlatforms) = preSolution
		Debug|Any CPU = Debug|Any CPU
		Release|Any CPU = Release|Any CPU
	EndGlobalSection
	GlobalSection(ProjectConfigurationPlatforms) = postSolution
		{27307330-5A02-40A0-9B90-3B8AC3FF184D}.Debug|Any CPU.ActiveCfg = Debug|Any CPU
		{27307330-5A02-40A0-9B90-3B8AC3FF184D}.Debug|Any CPU.Build.0 = Debug|Any CPU
		{27307330-5A02-40A0-9B90-3B8AC3FF184D}.Release|Any CPU.ActiveCfg = Release|Any CPU
		{27307330-5A02-40A0-9B90-3B8AC3FF184D}.Release|Any CPU.Build.0 = Release|Any CPU
	EndGlobalSection
	GlobalSection(SolutionProperties) = preSolution
		HideSolutionNode = FALSE
	EndGlobalSection
	GlobalSection(ExtensibilityGlobals) = postSolution
		SolutionGuid = {4777CFBE-CB9A-4772-8CD8-836696A19473}
	EndGlobalSection
EndGlobal
